{
  "originHash" : "7ca243407a3b132834ec3b117a3aea85a8f743151ef868a872c8bbf8082921f6",
  "pins" : [
    {
      "identity" : "webrtc",
      "kind" : "remoteSourceControl",
      "location" : "https://github.com/stasel/WebRTC.git",
      "state" : {
        "revision" : "463d4d2ec50920518f6569872d3b1ea4d187404a",
        "version" : "121.0.0"
      }
    }
  ],
  "version" : 3
}
