{
  "originHash" : "4ed3372afa08517c69dafbd467dca4559fea453c2da15e56aaf14864528573da",
  "pins" : [
    {
      "identity" : "swift-opus",
      "kind" : "remoteSourceControl",
      "location" : "https://github.com/alta/swift-opus",
      "state" : {
        "revision" : "5f0164b8915fb9001265c54413aa0f0efbd3df06",
        "version" : "0.0.2"
      }
    },
    {
      "identity" : "videodecoderswift",
      "kind" : "remoteSourceControl",
      "location" : "https://github.com/hugeBlack/VideoDecoderSwift",
      "state" : {
        "branch" : "master",
        "revision" : "fa7f4106d52f2fb6f79894809aa554018687278f"
      }
    },
    {
      "identity" : "webrtc",
      "kind" : "remoteSourceControl",
      "location" : "https://github.com/stasel/WebRTC.git",
      "state" : {
        "revision" : "b4f5a90c887bde68512b8f1a6d684b27b5597b76",
        "version" : "125.0.0"
      }
    }
  ],
  "version" : 3
}
