{
  "originHash" : "4ed3372afa08517c69dafbd467dca4559fea453c2da15e56aaf14864528573da",
  "pins" : [
    {
      "identity" : "swift-opus",
      "kind" : "remoteSourceControl",
      "location" : "https://github.com/alta/swift-opus",
      "state" : {
        "revision" : "5f0164b8915fb9001265c54413aa0f0efbd3df06",
        "version" : "0.0.2"
      }
    },
    {
      "identity" : "videodecoderswift",
      "kind" : "remoteSourceControl",
      "location" : "https://github.com/hugeBlack/VideoDecoderSwift",
      "state" : {
        "branch" : "master",
        "revision" : "fa7f4106d52f2fb6f79894809aa554018687278f"
      }
    },
    {
      "identity" : "webrtc",
      "kind" : "remoteSourceControl",
      "location" : "https://github.com/stasel/WebRTC.git",
      "state" : {
        "revision" : "463d4d2ec50920518f6569872d3b1ea4d187404a",
        "version" : "121.0.0"
      }
    }
  ],
  "version" : 3
}
